// !$*UTF8*$!
{
	archiveVersion = 1;
	classes = {
	};
	objectVersion = 56;
	objects = {

/* Begin PBXBuildFile section */
		DEC80E072CA2012B002F637E /* AppDelegate.swift in Sources */ = {isa = PBXBuildFile; fileRef = DEC80E062CA2012B002F637E /* AppDelegate.swift */; };
		DEC80E092CA2012B002F637E /* SceneDelegate.swift in Sources */ = {isa = PBXBuildFile; fileRef = DEC80E082CA2012B002F637E /* SceneDelegate.swift */; };
		DEC80E0B2CA2012B002F637E /* ViewController.swift in Sources */ = {isa = PBXBuildFile; fileRef = DEC80E0A2CA2012B002F637E /* ViewController.swift */; };
		DEC80E102CA2012C002F637E /* Assets.xcassets in Resources */ = {isa = PBXBuildFile; fileRef = DEC80E0F2CA2012C002F637E /* Assets.xcassets */; };
		DEC80E132CA2012C002F637E /* Base in Resources */ = {isa = PBXBuildFile; fileRef = DEC80E122CA2012C002F637E /* Base */; };
		DEC80E2A2CA20AAD002F637E /* LICENSE.txt in Resources */ = {isa = PBXBuildFile; fileRef = DEC80E1C2CA20AAD002F637E /* LICENSE.txt */; };
		DEC80E2B2CA20AAD002F637E /* Roboto-Black.ttf in Resources */ = {isa = PBXBuildFile; fileRef = DEC80E1D2CA20AAD002F637E /* Roboto-Black.ttf */; };
		DEC80E2C2CA20AAD002F637E /* Roboto-BlackItalic.ttf in Resources */ = {isa = PBXBuildFile; fileRef = DEC80E1E2CA20AAD002F637E /* Roboto-BlackItalic.ttf */; };
		DEC80E2D2CA20AAD002F637E /* Roboto-Bold.ttf in Resources */ = {isa = PBXBuildFile; fileRef = DEC80E1F2CA20AAD002F637E /* Roboto-Bold.ttf */; };
		DEC80E2E2CA20AAD002F637E /* Roboto-BoldItalic.ttf in Resources */ = {isa = PBXBuildFile; fileRef = DEC80E202CA20AAD002F637E /* Roboto-BoldItalic.ttf */; };
		DEC80E2F2CA20AAD002F637E /* Roboto-Italic.ttf in Resources */ = {isa = PBXBuildFile; fileRef = DEC80E212CA20AAD002F637E /* Roboto-Italic.ttf */; };
		DEC80E302CA20AAD002F637E /* Roboto-Light.ttf in Resources */ = {isa = PBXBuildFile; fileRef = DEC80E222CA20AAD002F637E /* Roboto-Light.ttf */; };
		DEC80E312CA20AAD002F637E /* Roboto-LightItalic.ttf in Resources */ = {isa = PBXBuildFile; fileRef = DEC80E232CA20AAD002F637E /* Roboto-LightItalic.ttf */; };
		DEC80E322CA20AAD002F637E /* Roboto-Medium.ttf in Resources */ = {isa = PBXBuildFile; fileRef = DEC80E242CA20AAD002F637E /* Roboto-Medium.ttf */; };
		DEC80E332CA20AAD002F637E /* Roboto-MediumItalic.ttf in Resources */ = {isa = PBXBuildFile; fileRef = DEC80E252CA20AAD002F637E /* Roboto-MediumItalic.ttf */; };
		DEC80E342CA20AAD002F637E /* Roboto-Regular.ttf in Resources */ = {isa = PBXBuildFile; fileRef = DEC80E262CA20AAD002F637E /* Roboto-Regular.ttf */; };
		DEC80E352CA20AAD002F637E /* Roboto-Thin.ttf in Resources */ = {isa = PBXBuildFile; fileRef = DEC80E272CA20AAD002F637E /* Roboto-Thin.ttf */; };
		DEC80E362CA20AAD002F637E /* Roboto-ThinItalic.ttf in Resources */ = {isa = PBXBuildFile; fileRef = DEC80E282CA20AAD002F637E /* Roboto-ThinItalic.ttf */; };
		DEC80E392CA20EAF002F637E /* UIFont + Extension.swift in Sources */ = {isa = PBXBuildFile; fileRef = DEC80E382CA20EAF002F637E /* UIFont + Extension.swift */; };
		DEC80E3B2CA34173002F637E /* UIColor + Extension.swift in Sources */ = {isa = PBXBuildFile; fileRef = DEC80E3A2CA34173002F637E /* UIColor + Extension.swift */; };
		DEC80E3D2CA3438C002F637E /* AppColors.swift in Sources */ = {isa = PBXBuildFile; fileRef = DEC80E3C2CA3438C002F637E /* AppColors.swift */; };
/* End PBXBuildFile section */

/* Begin PBXFileReference section */
		DEC80E032CA2012B002F637E /* FoodDeliveryApp.app */ = {isa = PBXFileReference; explicitFileType = wrapper.application; includeInIndex = 0; path = FoodDeliveryApp.app; sourceTree = BUILT_PRODUCTS_DIR; };
		DEC80E062CA2012B002F637E /* AppDelegate.swift */ = {isa = PBXFileReference; lastKnownFileType = sourcecode.swift; path = AppDelegate.swift; sourceTree = "<group>"; };
		DEC80E082CA2012B002F637E /* SceneDelegate.swift */ = {isa = PBXFileReference; lastKnownFileType = sourcecode.swift; path = SceneDelegate.swift; sourceTree = "<group>"; };
		DEC80E0A2CA2012B002F637E /* ViewController.swift */ = {isa = PBXFileReference; lastKnownFileType = sourcecode.swift; path = ViewController.swift; sourceTree = "<group>"; };
		DEC80E0F2CA2012C002F637E /* Assets.xcassets */ = {isa = PBXFileReference; lastKnownFileType = folder.assetcatalog; path = Assets.xcassets; sourceTree = "<group>"; };
		DEC80E122CA2012C002F637E /* Base */ = {isa = PBXFileReference; lastKnownFileType = file.storyboard; name = Base; path = Base.lproj/LaunchScreen.storyboard; sourceTree = "<group>"; };
		DEC80E142CA2012C002F637E /* Info.plist */ = {isa = PBXFileReference; lastKnownFileType = text.plist.xml; path = Info.plist; sourceTree = "<group>"; };
		DEC80E1C2CA20AAD002F637E /* LICENSE.txt */ = {isa = PBXFileReference; fileEncoding = 4; lastKnownFileType = text; path = LICENSE.txt; sourceTree = "<group>"; };
		DEC80E1D2CA20AAD002F637E /* Roboto-Black.ttf */ = {isa = PBXFileReference; lastKnownFileType = file; path = "Roboto-Black.ttf"; sourceTree = "<group>"; };
		DEC80E1E2CA20AAD002F637E /* Roboto-BlackItalic.ttf */ = {isa = PBXFileReference; lastKnownFileType = file; path = "Roboto-BlackItalic.ttf"; sourceTree = "<group>"; };
		DEC80E1F2CA20AAD002F637E /* Roboto-Bold.ttf */ = {isa = PBXFileReference; lastKnownFileType = file; path = "Roboto-Bold.ttf"; sourceTree = "<group>"; };
		DEC80E202CA20AAD002F637E /* Roboto-BoldItalic.ttf */ = {isa = PBXFileReference; lastKnownFileType = file; path = "Roboto-BoldItalic.ttf"; sourceTree = "<group>"; };
		DEC80E212CA20AAD002F637E /* Roboto-Italic.ttf */ = {isa = PBXFileReference; lastKnownFileType = file; path = "Roboto-Italic.ttf"; sourceTree = "<group>"; };
		DEC80E222CA20AAD002F637E /* Roboto-Light.ttf */ = {isa = PBXFileReference; lastKnownFileType = file; path = "Roboto-Light.ttf"; sourceTree = "<group>"; };
		DEC80E232CA20AAD002F637E /* Roboto-LightItalic.ttf */ = {isa = PBXFileReference; lastKnownFileType = file; path = "Roboto-LightItalic.ttf"; sourceTree = "<group>"; };
		DEC80E242CA20AAD002F637E /* Roboto-Medium.ttf */ = {isa = PBXFileReference; lastKnownFileType = file; path = "Roboto-Medium.ttf"; sourceTree = "<group>"; };
		DEC80E252CA20AAD002F637E /* Roboto-MediumItalic.ttf */ = {isa = PBXFileReference; lastKnownFileType = file; path = "Roboto-MediumItalic.ttf"; sourceTree = "<group>"; };
		DEC80E262CA20AAD002F637E /* Roboto-Regular.ttf */ = {isa = PBXFileReference; lastKnownFileType = file; path = "Roboto-Regular.ttf"; sourceTree = "<group>"; };
		DEC80E272CA20AAD002F637E /* Roboto-Thin.ttf */ = {isa = PBXFileReference; lastKnownFileType = file; path = "Roboto-Thin.ttf"; sourceTree = "<group>"; };
		DEC80E282CA20AAD002F637E /* Roboto-ThinItalic.ttf */ = {isa = PBXFileReference; lastKnownFileType = file; path = "Roboto-ThinItalic.ttf"; sourceTree = "<group>"; };
		DEC80E382CA20EAF002F637E /* UIFont + Extension.swift */ = {isa = PBXFileReference; lastKnownFileType = sourcecode.swift; path = "UIFont + Extension.swift"; sourceTree = "<group>"; };
		DEC80E3A2CA34173002F637E /* UIColor + Extension.swift */ = {isa = PBXFileReference; lastKnownFileType = sourcecode.swift; path = "UIColor + Extension.swift"; sourceTree = "<group>"; };
		DEC80E3C2CA3438C002F637E /* AppColors.swift */ = {isa = PBXFileReference; lastKnownFileType = sourcecode.swift; path = AppColors.swift; sourceTree = "<group>"; };
/* End PBXFileReference section */

/* Begin PBXFrameworksBuildPhase section */
		DEC80E002CA2012B002F637E /* Frameworks */ = {
			isa = PBXFrameworksBuildPhase;
			buildActionMask = 2147483647;
			files = (
			);
			runOnlyForDeploymentPostprocessing = 0;
		};
/* End PBXFrameworksBuildPhase section */

/* Begin PBXGroup section */
		DEC80DFA2CA2012B002F637E = {
			isa = PBXGroup;
			children = (
				DEC80E052CA2012B002F637E /* FoodDeliveryApp */,
				DEC80E042CA2012B002F637E /* Products */,
			);
			sourceTree = "<group>";
		};
		DEC80E042CA2012B002F637E /* Products */ = {
			isa = PBXGroup;
			children = (
				DEC80E032CA2012B002F637E /* FoodDeliveryApp.app */,
			);
			name = Products;
			sourceTree = "<group>";
		};
		DEC80E052CA2012B002F637E /* FoodDeliveryApp */ = {
			isa = PBXGroup;
			children = (
				DEC80E372CA20E75002F637E /* Extensions */,
				DEC80E1A2CA20A80002F637E /* Resources */,
				DEC80E062CA2012B002F637E /* AppDelegate.swift */,
				DEC80E082CA2012B002F637E /* SceneDelegate.swift */,
				DEC80E0A2CA2012B002F637E /* ViewController.swift */,
				DEC80E0F2CA2012C002F637E /* Assets.xcassets */,
				DEC80E112CA2012C002F637E /* LaunchScreen.storyboard */,
				DEC80E142CA2012C002F637E /* Info.plist */,
			);
			path = FoodDeliveryApp;
			sourceTree = "<group>";
		};
		DEC80E1A2CA20A80002F637E /* Resources */ = {
			isa = PBXGroup;
			children = (
				DEC80E3C2CA3438C002F637E /* AppColors.swift */,
				DEC80E1B2CA20A93002F637E /* Fonts */,
			);
			path = Resources;
			sourceTree = "<group>";
		};
		DEC80E1B2CA20A93002F637E /* Fonts */ = {
			isa = PBXGroup;
			children = (
				DEC80E292CA20AAD002F637E /* Roboto */,
			);
			path = Fonts;
			sourceTree = "<group>";
		};
		DEC80E292CA20AAD002F637E /* Roboto */ = {
			isa = PBXGroup;
			children = (
				DEC80E1C2CA20AAD002F637E /* LICENSE.txt */,
				DEC80E1D2CA20AAD002F637E /* Roboto-Black.ttf */,
				DEC80E1E2CA20AAD002F637E /* Roboto-BlackItalic.ttf */,
				DEC80E1F2CA20AAD002F637E /* Roboto-Bold.ttf */,
				DEC80E202CA20AAD002F637E /* Roboto-BoldItalic.ttf */,
				DEC80E212CA20AAD002F637E /* Roboto-Italic.ttf */,
				DEC80E222CA20AAD002F637E /* Roboto-Light.ttf */,
				DEC80E232CA20AAD002F637E /* Roboto-LightItalic.ttf */,
				DEC80E242CA20AAD002F637E /* Roboto-Medium.ttf */,
				DEC80E252CA20AAD002F637E /* Roboto-MediumItalic.ttf */,
				DEC80E262CA20AAD002F637E /* Roboto-Regular.ttf */,
				DEC80E272CA20AAD002F637E /* Roboto-Thin.ttf */,
				DEC80E282CA20AAD002F637E /* Roboto-ThinItalic.ttf */,
			);
			path = Roboto;
			sourceTree = "<group>";
		};
		DEC80E372CA20E75002F637E /* Extensions */ = {
			isa = PBXGroup;
			children = (
				DEC80E382CA20EAF002F637E /* UIFont + Extension.swift */,
				DEC80E3A2CA34173002F637E /* UIColor + Extension.swift */,
			);
			path = Extensions;
			sourceTree = "<group>";
		};
/* End PBXGroup section */

/* Begin PBXNativeTarget section */
		DEC80E022CA2012B002F637E /* FoodDeliveryApp */ = {
			isa = PBXNativeTarget;
			buildConfigurationList = DEC80E172CA2012C002F637E /* Build configuration list for PBXNativeTarget "FoodDeliveryApp" */;
			buildPhases = (
				DEC80DFF2CA2012B002F637E /* Sources */,
				DEC80E002CA2012B002F637E /* Frameworks */,
				DEC80E012CA2012B002F637E /* Resources */,
			);
			buildRules = (
			);
			dependencies = (
			);
			name = FoodDeliveryApp;
			productName = FoodDeliveryApp;
			productReference = DEC80E032CA2012B002F637E /* FoodDeliveryApp.app */;
			productType = "com.apple.product-type.application";
		};
/* End PBXNativeTarget section */

/* Begin PBXProject section */
		DEC80DFB2CA2012B002F637E /* Project object */ = {
			isa = PBXProject;
			attributes = {
				BuildIndependentTargetsInParallel = 1;
				LastSwiftUpdateCheck = 1540;
				LastUpgradeCheck = 1540;
				TargetAttributes = {
					DEC80E022CA2012B002F637E = {
						CreatedOnToolsVersion = 15.4;
					};
				};
			};
			buildConfigurationList = DEC80DFE2CA2012B002F637E /* Build configuration list for PBXProject "FoodDeliveryApp" */;
			compatibilityVersion = "Xcode 14.0";
			developmentRegion = en;
			hasScannedForEncodings = 0;
			knownRegions = (
				en,
				Base,
			);
			mainGroup = DEC80DFA2CA2012B002F637E;
			productRefGroup = DEC80E042CA2012B002F637E /* Products */;
			projectDirPath = "";
			projectRoot = "";
			targets = (
				DEC80E022CA2012B002F637E /* FoodDeliveryApp */,
			);
		};
/* End PBXProject section */

/* Begin PBXResourcesBuildPhase section */
		DEC80E012CA2012B002F637E /* Resources */ = {
			isa = PBXResourcesBuildPhase;
			buildActionMask = 2147483647;
			files = (
				DEC80E362CA20AAD002F637E /* Roboto-ThinItalic.ttf in Resources */,
				DEC80E352CA20AAD002F637E /* Roboto-Thin.ttf in Resources */,
				DEC80E2A2CA20AAD002F637E /* LICENSE.txt in Resources */,
				DEC80E102CA2012C002F637E /* Assets.xcassets in Resources */,
				DEC80E312CA20AAD002F637E /* Roboto-LightItalic.ttf in Resources */,
				DEC80E2D2CA20AAD002F637E /* Roboto-Bold.ttf in Resources */,
				DEC80E332CA20AAD002F637E /* Roboto-MediumItalic.ttf in Resources */,
				DEC80E2C2CA20AAD002F637E /* Roboto-BlackItalic.ttf in Resources */,
				DEC80E132CA2012C002F637E /* Base in Resources */,
				DEC80E2F2CA20AAD002F637E /* Roboto-Italic.ttf in Resources */,
				DEC80E2E2CA20AAD002F637E /* Roboto-BoldItalic.ttf in Resources */,
				DEC80E322CA20AAD002F637E /* Roboto-Medium.ttf in Resources */,
				DEC80E342CA20AAD002F637E /* Roboto-Regular.ttf in Resources */,
				DEC80E2B2CA20AAD002F637E /* Roboto-Black.ttf in Resources */,
				DEC80E302CA20AAD002F637E /* Roboto-Light.ttf in Resources */,
			);
			runOnlyForDeploymentPostprocessing = 0;
		};
/* End PBXResourcesBuildPhase section */

/* Begin PBXSourcesBuildPhase section */
		DEC80DFF2CA2012B002F637E /* Sources */ = {
			isa = PBXSourcesBuildPhase;
			buildActionMask = 2147483647;
			files = (
				DEC80E392CA20EAF002F637E /* UIFont + Extension.swift in Sources */,
				DEC80E0B2CA2012B002F637E /* ViewController.swift in Sources */,
				DEC80E072CA2012B002F637E /* AppDelegate.swift in Sources */,
				DEC80E3D2CA3438C002F637E /* AppColors.swift in Sources */,
				DEC80E092CA2012B002F637E /* SceneDelegate.swift in Sources */,
				DEC80E3B2CA34173002F637E /* UIColor + Extension.swift in Sources */,
			);
			runOnlyForDeploymentPostprocessing = 0;
		};
/* End PBXSourcesBuildPhase section */

/* Begin PBXVariantGroup section */
		DEC80E112CA2012C002F637E /* LaunchScreen.storyboard */ = {
			isa = PBXVariantGroup;
			children = (
				DEC80E122CA2012C002F637E /* Base */,
			);
			name = LaunchScreen.storyboard;
			sourceTree = "<group>";
		};
/* End PBXVariantGroup section */

/* Begin XCBuildConfiguration section */
		DEC80E152CA2012C002F637E /* Debug */ = {
			isa = XCBuildConfiguration;
			buildSettings = {
				ALWAYS_SEARCH_USER_PATHS = NO;
				ASSETCATALOG_COMPILER_GENERATE_SWIFT_ASSET_SYMBOL_EXTENSIONS = YES;
				CLANG_ANALYZER_NONNULL = YES;
				CLANG_ANALYZER_NUMBER_OBJECT_CONVERSION = YES_AGGRESSIVE;
				CLANG_CXX_LANGUAGE_STANDARD = "gnu++20";
				CLANG_ENABLE_MODULES = YES;
				CLANG_ENABLE_OBJC_ARC = YES;
				CLANG_ENABLE_OBJC_WEAK = YES;
				CLANG_WARN_BLOCK_CAPTURE_AUTORELEASING = YES;
				CLANG_WARN_BOOL_CONVERSION = YES;
				CLANG_WARN_COMMA = YES;
				CLANG_WARN_CONSTANT_CONVERSION = YES;
				CLANG_WARN_DEPRECATED_OBJC_IMPLEMENTATIONS = YES;
				CLANG_WARN_DIRECT_OBJC_ISA_USAGE = YES_ERROR;
				CLANG_WARN_DOCUMENTATION_COMMENTS = YES;
				CLANG_WARN_EMPTY_BODY = YES;
				CLANG_WARN_ENUM_CONVERSION = YES;
				CLANG_WARN_INFINITE_RECURSION = YES;
				CLANG_WARN_INT_CONVERSION = YES;
				CLANG_WARN_NON_LITERAL_NULL_CONVERSION = YES;
				CLANG_WARN_OBJC_IMPLICIT_RETAIN_SELF = YES;
				CLANG_WARN_OBJC_LITERAL_CONVERSION = YES;
				CLANG_WARN_OBJC_ROOT_CLASS = YES_ERROR;
				CLANG_WARN_QUOTED_INCLUDE_IN_FRAMEWORK_HEADER = YES;
				CLANG_WARN_RANGE_LOOP_ANALYSIS = YES;
				CLANG_WARN_STRICT_PROTOTYPES = YES;
				CLANG_WARN_SUSPICIOUS_MOVE = YES;
				CLANG_WARN_UNGUARDED_AVAILABILITY = YES_AGGRESSIVE;
				CLANG_WARN_UNREACHABLE_CODE = YES;
				CLANG_WARN__DUPLICATE_METHOD_MATCH = YES;
				COPY_PHASE_STRIP = NO;
				DEBUG_INFORMATION_FORMAT = dwarf;
				ENABLE_STRICT_OBJC_MSGSEND = YES;
				ENABLE_TESTABILITY = YES;
				ENABLE_USER_SCRIPT_SANDBOXING = YES;
				GCC_C_LANGUAGE_STANDARD = gnu17;
				GCC_DYNAMIC_NO_PIC = NO;
				GCC_NO_COMMON_BLOCKS = YES;
				GCC_OPTIMIZATION_LEVEL = 0;
				GCC_PREPROCESSOR_DEFINITIONS = (
					"DEBUG=1",
					"$(inherited)",
				);
				GCC_WARN_64_TO_32_BIT_CONVERSION = YES;
				GCC_WARN_ABOUT_RETURN_TYPE = YES_ERROR;
				GCC_WARN_UNDECLARED_SELECTOR = YES;
				GCC_WARN_UNINITIALIZED_AUTOS = YES_AGGRESSIVE;
				GCC_WARN_UNUSED_FUNCTION = YES;
				GCC_WARN_UNUSED_VARIABLE = YES;
				IPHONEOS_DEPLOYMENT_TARGET = 17.5;
				LOCALIZATION_PREFERS_STRING_CATALOGS = YES;
				MTL_ENABLE_DEBUG_INFO = INCLUDE_SOURCE;
				MTL_FAST_MATH = YES;
				ONLY_ACTIVE_ARCH = YES;
				SDKROOT = iphoneos;
				SWIFT_ACTIVE_COMPILATION_CONDITIONS = "DEBUG $(inherited)";
				SWIFT_OPTIMIZATION_LEVEL = "-Onone";
			};
			name = Debug;
		};
		DEC80E162CA2012C002F637E /* Release */ = {
			isa = XCBuildConfiguration;
			buildSettings = {
				ALWAYS_SEARCH_USER_PATHS = NO;
				ASSETCATALOG_COMPILER_GENERATE_SWIFT_ASSET_SYMBOL_EXTENSIONS = YES;
				CLANG_ANALYZER_NONNULL = YES;
				CLANG_ANALYZER_NUMBER_OBJECT_CONVERSION = YES_AGGRESSIVE;
				CLANG_CXX_LANGUAGE_STANDARD = "gnu++20";
				CLANG_ENABLE_MODULES = YES;
				CLANG_ENABLE_OBJC_ARC = YES;
				CLANG_ENABLE_OBJC_WEAK = YES;
				CLANG_WARN_BLOCK_CAPTURE_AUTORELEASING = YES;
				CLANG_WARN_BOOL_CONVERSION = YES;
				CLANG_WARN_COMMA = YES;
				CLANG_WARN_CONSTANT_CONVERSION = YES;
				CLANG_WARN_DEPRECATED_OBJC_IMPLEMENTATIONS = YES;
				CLANG_WARN_DIRECT_OBJC_ISA_USAGE = YES_ERROR;
				CLANG_WARN_DOCUMENTATION_COMMENTS = YES;
				CLANG_WARN_EMPTY_BODY = YES;
				CLANG_WARN_ENUM_CONVERSION = YES;
				CLANG_WARN_INFINITE_RECURSION = YES;
				CLANG_WARN_INT_CONVERSION = YES;
				CLANG_WARN_NON_LITERAL_NULL_CONVERSION = YES;
				CLANG_WARN_OBJC_IMPLICIT_RETAIN_SELF = YES;
				CLANG_WARN_OBJC_LITERAL_CONVERSION = YES;
				CLANG_WARN_OBJC_ROOT_CLASS = YES_ERROR;
				CLANG_WARN_QUOTED_INCLUDE_IN_FRAMEWORK_HEADER = YES;
				CLANG_WARN_RANGE_LOOP_ANALYSIS = YES;
				CLANG_WARN_STRICT_PROTOTYPES = YES;
				CLANG_WARN_SUSPICIOUS_MOVE = YES;
				CLANG_WARN_UNGUARDED_AVAILABILITY = YES_AGGRESSIVE;
				CLANG_WARN_UNREACHABLE_CODE = YES;
				CLANG_WARN__DUPLICATE_METHOD_MATCH = YES;
				COPY_PHASE_STRIP = NO;
				DEBUG_INFORMATION_FORMAT = "dwarf-with-dsym";
				ENABLE_NS_ASSERTIONS = NO;
				ENABLE_STRICT_OBJC_MSGSEND = YES;
				ENABLE_USER_SCRIPT_SANDBOXING = YES;
				GCC_C_LANGUAGE_STANDARD = gnu17;
				GCC_NO_COMMON_BLOCKS = YES;
				GCC_WARN_64_TO_32_BIT_CONVERSION = YES;
				GCC_WARN_ABOUT_RETURN_TYPE = YES_ERROR;
				GCC_WARN_UNDECLARED_SELECTOR = YES;
				GCC_WARN_UNINITIALIZED_AUTOS = YES_AGGRESSIVE;
				GCC_WARN_UNUSED_FUNCTION = YES;
				GCC_WARN_UNUSED_VARIABLE = YES;
				IPHONEOS_DEPLOYMENT_TARGET = 17.5;
				LOCALIZATION_PREFERS_STRING_CATALOGS = YES;
				MTL_ENABLE_DEBUG_INFO = NO;
				MTL_FAST_MATH = YES;
				SDKROOT = iphoneos;
				SWIFT_COMPILATION_MODE = wholemodule;
				VALIDATE_PRODUCT = YES;
			};
			name = Release;
		};
		DEC80E182CA2012C002F637E /* Debug */ = {
			isa = XCBuildConfiguration;
			buildSettings = {
				ASSETCATALOG_COMPILER_APPICON_NAME = AppIcon;
				ASSETCATALOG_COMPILER_GLOBAL_ACCENT_COLOR_NAME = AccentColor;
				CODE_SIGN_STYLE = Automatic;
				CURRENT_PROJECT_VERSION = 1;
				DEVELOPMENT_TEAM = Q5SV9JGPLQ;
				GENERATE_INFOPLIST_FILE = YES;
				INFOPLIST_FILE = FoodDeliveryApp/Info.plist;
				INFOPLIST_KEY_UIApplicationSupportsIndirectInputEvents = YES;
				INFOPLIST_KEY_UILaunchStoryboardName = LaunchScreen;
				INFOPLIST_KEY_UISupportedInterfaceOrientations_iPad = "UIInterfaceOrientationPortrait UIInterfaceOrientationPortraitUpsideDown UIInterfaceOrientationLandscapeLeft UIInterfaceOrientationLandscapeRight";
				INFOPLIST_KEY_UISupportedInterfaceOrientations_iPhone = "UIInterfaceOrientationPortrait UIInterfaceOrientationLandscapeLeft UIInterfaceOrientationLandscapeRight";
				IPHONEOS_DEPLOYMENT_TARGET = 15.0;
				LD_RUNPATH_SEARCH_PATHS = (
					"$(inherited)",
					"@executable_path/Frameworks",
				);
				MARKETING_VERSION = 1.0;
				PRODUCT_BUNDLE_IDENTIFIER = com.nadezhda.FoodDeliveryApp;
				PRODUCT_NAME = "$(TARGET_NAME)";
				SUPPORTED_PLATFORMS = "iphoneos iphonesimulator";
				SUPPORTS_MACCATALYST = NO;
				SUPPORTS_MAC_DESIGNED_FOR_IPHONE_IPAD = NO;
				SUPPORTS_XR_DESIGNED_FOR_IPHONE_IPAD = NO;
				SWIFT_EMIT_LOC_STRINGS = YES;
				SWIFT_VERSION = 5.0;
				TARGETED_DEVICE_FAMILY = 1;
			};
			name = Debug;
		};
		DEC80E192CA2012C002F637E /* Release */ = {
			isa = XCBuildConfiguration;
			buildSettings = {
				ASSETCATALOG_COMPILER_APPICON_NAME = AppIcon;
				ASSETCATALOG_COMPILER_GLOBAL_ACCENT_COLOR_NAME = AccentColor;
				CODE_SIGN_STYLE = Automatic;
				CURRENT_PROJECT_VERSION = 1;
				DEVELOPMENT_TEAM = Q5SV9JGPLQ;
				GENERATE_INFOPLIST_FILE = YES;
				INFOPLIST_FILE = FoodDeliveryApp/Info.plist;
				INFOPLIST_KEY_UIApplicationSupportsIndirectInputEvents = YES;
				INFOPLIST_KEY_UILaunchStoryboardName = LaunchScreen;
				INFOPLIST_KEY_UISupportedInterfaceOrientations_iPad = "UIInterfaceOrientationPortrait UIInterfaceOrientationPortraitUpsideDown UIInterfaceOrientationLandscapeLeft UIInterfaceOrientationLandscapeRight";
				INFOPLIST_KEY_UISupportedInterfaceOrientations_iPhone = "UIInterfaceOrientationPortrait UIInterfaceOrientationLandscapeLeft UIInterfaceOrientationLandscapeRight";
				IPHONEOS_DEPLOYMENT_TARGET = 15.0;
				LD_RUNPATH_SEARCH_PATHS = (
					"$(inherited)",
					"@executable_path/Frameworks",
				);
				MARKETING_VERSION = 1.0;
				PRODUCT_BUNDLE_IDENTIFIER = com.nadezhda.FoodDeliveryApp;
				PRODUCT_NAME = "$(TARGET_NAME)";
				SUPPORTED_PLATFORMS = "iphoneos iphonesimulator";
				SUPPORTS_MACCATALYST = NO;
				SUPPORTS_MAC_DESIGNED_FOR_IPHONE_IPAD = NO;
				SUPPORTS_XR_DESIGNED_FOR_IPHONE_IPAD = NO;
				SWIFT_EMIT_LOC_STRINGS = YES;
				SWIFT_VERSION = 5.0;
				TARGETED_DEVICE_FAMILY = 1;
			};
			name = Release;
		};
/* End XCBuildConfiguration section */

/* Begin XCConfigurationList section */
		DEC80DFE2CA2012B002F637E /* Build configuration list for PBXProject "FoodDeliveryApp" */ = {
			isa = XCConfigurationList;
			buildConfigurations = (
				DEC80E152CA2012C002F637E /* Debug */,
				DEC80E162CA2012C002F637E /* Release */,
			);
			defaultConfigurationIsVisible = 0;
			defaultConfigurationName = Release;
		};
		DEC80E172CA2012C002F637E /* Build configuration list for PBXNativeTarget "FoodDeliveryApp" */ = {
			isa = XCConfigurationList;
			buildConfigurations = (
				DEC80E182CA2012C002F637E /* Debug */,
				DEC80E192CA2012C002F637E /* Release */,
			);
			defaultConfigurationIsVisible = 0;
			defaultConfigurationName = Release;
		};
/* End XCConfigurationList section */
	};
	rootObject = DEC80DFB2CA2012B002F637E /* Project object */;
}
